
Microsoft Visual Studio Solution File, Format Version 12.00
# Visual Studio Version 16
VisualStudioVersion = 16.0.29926.136
MinimumVisualStudioVersion = 10.0.40219.1
Project("{FAE04EC0-301F-11D3-BF4B-00C04F79EFBC}") = "WebAPI", "WebAPI\WebAPI.csproj", "{5D501314-7C20-4AB1-A8BC-D1B8761EA4DF}"
EndProject
Global
	GlobalSection(SolutionConfigurationPlatforms) = preSolution
		Debug|Any CPU = Debug|Any CPU
		Release|Any CPU = Release|Any CPU
	EndGlobalSection
	GlobalSection(ProjectConfigurationPlatforms) = postSolution
		{5D501314-7C20-4AB1-A8BC-D1B8761EA4DF}.Debug|Any CPU.ActiveCfg = Debug|Any CPU
		{5D501314-7C20-4AB1-A8BC-D1B8761EA4DF}.Debug|Any CPU.Build.0 = Debug|Any CPU
		{5D501314-7C20-4AB1-A8BC-D1B8761EA4DF}.Release|Any CPU.ActiveCfg = Release|Any CPU
		{5D501314-7C20-4AB1-A8BC-D1B8761EA4DF}.Release|Any CPU.Build.0 = Release|Any CPU
	EndGlobalSection
	GlobalSection(SolutionProperties) = preSolution
		HideSolutionNode = FALSE
	EndGlobalSection
	GlobalSection(ExtensibilityGlobals) = postSolution
		SolutionGuid = {CFE66186-8BDE-4AE3-AA2E-3C5CF53FD5ED}
	EndGlobalSection
EndGlobal
